
Microsoft Visual Studio Solution File, Format Version 12.00
# Visual Studio Version 17
VisualStudioVersion = 17.10.34928.147
MinimumVisualStudioVersion = 10.0.40219.1
Project("{2150E333-8FDC-42A3-9474-1A3956D46DE8}") = "src", "src", "{9FCCA30C-E1A3-4D88-BE8D-09EE8B1D1267}"
EndProject
Project("{2150E333-8FDC-42A3-9474-1A3956D46DE8}") = "test", "test", "{F4EE8ACE-361D-4B94-8A1D-723A9B0551E9}"
EndProject
Project("{FAE04EC0-301F-11D3-BF4B-00C04F79EFBC}") = "L2Earn.Domain", "L2Earn.Domain\L2Earn.Domain.csproj", "{596182F2-0212-48AD-835E-F6E06D77686F}"
EndProject
Global
	GlobalSection(SolutionProperties) = preSolution
		HideSolutionNode = FALSE
	EndGlobalSection
	GlobalSection(ExtensibilityGlobals) = postSolution
		SolutionGuid = {E038D7B4-C77A-4C00-8F08-9F6ABBC7F22E}
	EndGlobalSection
	GlobalSection(NestedProjects) = preSolution
		{596182F2-0212-48AD-835E-F6E06D77686F} = {9FCCA30C-E1A3-4D88-BE8D-09EE8B1D1267}
	EndGlobalSection
	GlobalSection(ProjectConfigurationPlatforms) = postSolution
	EndGlobalSection
	GlobalSection(SolutionConfigurationPlatforms) = preSolution
	EndGlobalSection
EndGlobal
